// !$*UTF8*$!
{
	archiveVersion = 1;
	classes = {
	};
	objectVersion = 46;
	objects = {

/* Begin PBXBuildFile section */
		05F2A6A0FC33F04938D5EE0A /* libPods-Conventions.a in Frameworks */ = {isa = PBXBuildFile; fileRef = 9EE33EE47A018AB1F6602C95 /* libPods-Conventions.a */; };
		3B014FB01D91BD420002DE8F /* SffEventsParser.swift in Sources */ = {isa = PBXBuildFile; fileRef = 3B014FAF1D91BD420002DE8F /* SffEventsParser.swift */; };
		3B014FB21D95A1AD0002DE8F /* Colors.swift in Sources */ = {isa = PBXBuildFile; fileRef = 3B014FB11D95A1AD0002DE8F /* Colors.swift */; };
		3B0288781D99BA4D006E158C /* Updates.swift in Sources */ = {isa = PBXBuildFile; fileRef = 3B0288771D99BA4D006E158C /* Updates.swift */; };
		3B02887A1D9AF1CB006E158C /* DateFilterControl.swift in Sources */ = {isa = PBXBuildFile; fileRef = 3B0288791D9AF1CB006E158C /* DateFilterControl.swift */; };
		3B049C7A1F7E7A880087FA9C /* NotificationRegistrar.swift in Sources */ = {isa = PBXBuildFile; fileRef = 3B049C791F7E7A880087FA9C /* NotificationRegistrar.swift */; };
		3B049C7D1F7FBB250087FA9C /* SecondHandViewController.swift in Sources */ = {isa = PBXBuildFile; fileRef = 3B049C7C1F7FBB250087FA9C /* SecondHandViewController.swift */; };
		3B049C7F1F7FBBB60087FA9C /* SecondHand.swift in Sources */ = {isa = PBXBuildFile; fileRef = 3B049C7E1F7FBBB60087FA9C /* SecondHand.swift */; };
		3B049C811F7FDACF0087FA9C /* SecondHandFormHeaderView.xib in Resources */ = {isa = PBXBuildFile; fileRef = 3B049C801F7FDACF0087FA9C /* SecondHandFormHeaderView.xib */; };
		3B049C831F7FDB0D0087FA9C /* SecondHandFormHeaderView.swift in Sources */ = {isa = PBXBuildFile; fileRef = 3B049C821F7FDB0D0087FA9C /* SecondHandFormHeaderView.swift */; };
		3B05C11F1D57B2B500C590FF /* NotificationSettingsViewController.swift in Sources */ = {isa = PBXBuildFile; fileRef = 3B05C11E1D57B2B500C590FF /* NotificationSettingsViewController.swift */; };
		3B0800B31C81B73D00F406FD /* TTGSnackbar.swift in Sources */ = {isa = PBXBuildFile; fileRef = 3B0800B21C81B73D00F406FD /* TTGSnackbar.swift */; };
		3B114C401D30224C003C6167 /* UITextView.swift in Sources */ = {isa = PBXBuildFile; fileRef = 3B114C3F1D30224C003C6167 /* UITextView.swift */; };
		3B1659801C946E720074F1FF /* ZoomToPoint.swift in Sources */ = {isa = PBXBuildFile; fileRef = 3B16597F1C946E720074F1FF /* ZoomToPoint.swift */; };
		3B17639C1F6D78ED009F8F38 /* BeforeConventionHomeContentView.xib in Resources */ = {isa = PBXBuildFile; fileRef = 3B17639B1F6D78ED009F8F38 /* BeforeConventionHomeContentView.xib */; };
		3B17639E1F6D7BEA009F8F38 /* BeforeConventionHomeContentView.swift in Sources */ = {isa = PBXBuildFile; fileRef = 3B17639D1F6D7BEA009F8F38 /* BeforeConventionHomeContentView.swift */; };
		3B1763A01F6DB52C009F8F38 /* HomeViewController.swift in Sources */ = {isa = PBXBuildFile; fileRef = 3B17639F1F6DB52B009F8F38 /* HomeViewController.swift */; };
		3B1A68641D099211000F4414 /* WindowsAzureMessaging.framework in Frameworks */ = {isa = PBXBuildFile; fileRef = 3B1A68631D099211000F4414 /* WindowsAzureMessaging.framework */; };
		3B2FD5171D5A65B30009139A /* NotificationSettings.swift in Sources */ = {isa = PBXBuildFile; fileRef = 3B2FD5161D5A65B30009139A /* NotificationSettings.swift */; };
		3B36B7ED1D9680EB00F8EB49 /* SearchCategoriesView.xib in Resources */ = {isa = PBXBuildFile; fileRef = 3B36B7EC1D9680EB00F8EB49 /* SearchCategoriesView.xib */; };
		3B3DEFBB1C78EF88006AD9B9 /* UserInputs.swift in Sources */ = {isa = PBXBuildFile; fileRef = 3B3DEFBA1C78EF88006AD9B9 /* UserInputs.swift */; };
		3B3E67E81F53F34900A82DB1 /* SurveyForm.swift in Sources */ = {isa = PBXBuildFile; fileRef = 3B3E67E71F53F34900A82DB1 /* SurveyForm.swift */; };
		3B4B4A721D3415B300943EF5 /* MultipleAnswerFeedbackQuestionCell.xib in Resources */ = {isa = PBXBuildFile; fileRef = 3B4B4A711D3415B300943EF5 /* MultipleAnswerFeedbackQuestionCell.xib */; };
		3B4B4A741D34171E00943EF5 /* MultipleAnswerFeedbackQuestionCell.swift in Sources */ = {isa = PBXBuildFile; fileRef = 3B4B4A731D34171E00943EF5 /* MultipleAnswerFeedbackQuestionCell.swift */; };
		3B4B4A761D341A1600943EF5 /* MultipleAnswerCell.xib in Resources */ = {isa = PBXBuildFile; fileRef = 3B4B4A751D341A1600943EF5 /* MultipleAnswerCell.xib */; };
		3B4B4A781D341B2A00943EF5 /* MultipleAnswerCell.swift in Sources */ = {isa = PBXBuildFile; fileRef = 3B4B4A771D341B2A00943EF5 /* MultipleAnswerCell.swift */; };
		3B4B4A7C1D35823600943EF5 /* TableMultipleAnswerFeedbackQuestionCell.xib in Resources */ = {isa = PBXBuildFile; fileRef = 3B4B4A7B1D35823600943EF5 /* TableMultipleAnswerFeedbackQuestionCell.xib */; };
		3B4B4A7E1D36BAE500943EF5 /* TableMultipleAnswerFeedbackQuestionCell.swift in Sources */ = {isa = PBXBuildFile; fileRef = 3B4B4A7D1D36BAE500943EF5 /* TableMultipleAnswerFeedbackQuestionCell.swift */; };
		3B4B4A801D36BD4B00943EF5 /* TableAnswerCell.xib in Resources */ = {isa = PBXBuildFile; fileRef = 3B4B4A7F1D36BD4B00943EF5 /* TableAnswerCell.xib */; };
		3B4B4A821D36BD5900943EF5 /* TableAnswerCell.swift in Sources */ = {isa = PBXBuildFile; fileRef = 3B4B4A811D36BD5900943EF5 /* TableAnswerCell.swift */; };
		3B4CEB4D1C7CF7F500AF041B /* CardView.swift in Sources */ = {isa = PBXBuildFile; fileRef = 3B4CEB471C7CF7F500AF041B /* CardView.swift */; };
		3B4CEB551C7CF88E00AF041B /* CCColorCube.m in Sources */ = {isa = PBXBuildFile; fileRef = 3B4CEB541C7CF88E00AF041B /* CCColorCube.m */; };
		3B4CEB581C7CF8DA00AF041B /* CCLocalMaximum.m in Sources */ = {isa = PBXBuildFile; fileRef = 3B4CEB571C7CF8DA00AF041B /* CCLocalMaximum.m */; };
		3B523D4D1C660B1700D3D055 /* EventViewController.swift in Sources */ = {isa = PBXBuildFile; fileRef = 3B523D4C1C660B1700D3D055 /* EventViewController.swift */; };
		3B55A99A1C7A48C700C5BCE4 /* EventView.swift in Sources */ = {isa = PBXBuildFile; fileRef = 3B55A9991C7A48C700C5BCE4 /* EventView.swift */; };
		3B55A99C1C7A48DD00C5BCE4 /* EventView.xib in Resources */ = {isa = PBXBuildFile; fileRef = 3B55A99B1C7A48DD00C5BCE4 /* EventView.xib */; };
		3B5E0C781C933B2D004BF8AE /* LaunchScreen.storyboard in Resources */ = {isa = PBXBuildFile; fileRef = 3B5E0C761C933B2D004BF8AE /* LaunchScreen.storyboard */; };
		3B664D841F76397B00A7D336 /* HTMLdecode.swift in Sources */ = {isa = PBXBuildFile; fileRef = 3B664D831F76391000A7D336 /* HTMLdecode.swift */; };
		3B6AF9831C6FC1B8004B9DAD /* UIColorExtentions.swift in Sources */ = {isa = PBXBuildFile; fileRef = 3B6AF9821C6FC1B8004B9DAD /* UIColorExtentions.swift */; };
		3B6AF9851C6FC1D5004B9DAD /* NSDateExtentions.swift in Sources */ = {isa = PBXBuildFile; fileRef = 3B6AF9841C6FC1D5004B9DAD /* NSDateExtentions.swift */; };
		3B8664C81D4007DC00A504FC /* UserInput.swift in Sources */ = {isa = PBXBuildFile; fileRef = 3B8664C71D4007DC00A504FC /* UserInput.swift */; };
		3B8664CA1D4234DD00A504FC /* ConventionFeedbackViewController.swift in Sources */ = {isa = PBXBuildFile; fileRef = 3B8664C91D4234DD00A504FC /* ConventionFeedbackViewController.swift */; };
		3B8D9FE91D153A28005181DA /* FeedbackQuestion.swift in Sources */ = {isa = PBXBuildFile; fileRef = 3B8D9FE81D153A28005181DA /* FeedbackQuestion.swift */; };
		3B8D9FEB1D171B1D005181DA /* FeedbackAnswer.swift in Sources */ = {isa = PBXBuildFile; fileRef = 3B8D9FEA1D171B1D005181DA /* FeedbackAnswer.swift */; };
		3B8D9FEE1D1D4E9C005181DA /* FeedbackView.xib in Resources */ = {isa = PBXBuildFile; fileRef = 3B8D9FED1D1D4E9C005181DA /* FeedbackView.xib */; };
		3B8D9FF01D1D9BA9005181DA /* FeedbackView.swift in Sources */ = {isa = PBXBuildFile; fileRef = 3B8D9FEF1D1D9BA9005181DA /* FeedbackView.swift */; };
		3B8D9FF21D1DA068005181DA /* SmileyFeedbackQuestionCell.xib in Resources */ = {isa = PBXBuildFile; fileRef = 3B8D9FF11D1DA068005181DA /* SmileyFeedbackQuestionCell.xib */; };
		3B8D9FF41D1DC7F4005181DA /* SmileyFeedbackQuestionCell.swift in Sources */ = {isa = PBXBuildFile; fileRef = 3B8D9FF31D1DC7F4005181DA /* SmileyFeedbackQuestionCell.swift */; };
		3B8D9FFA1D27BCEF005181DA /* TextFeedbackQuestionCell.xib in Resources */ = {isa = PBXBuildFile; fileRef = 3B8D9FF91D27BCEF005181DA /* TextFeedbackQuestionCell.xib */; };
		3B8D9FFC1D27BEE3005181DA /* TextFeedbackQuestionCell.swift in Sources */ = {isa = PBXBuildFile; fileRef = 3B8D9FFB1D27BEE3005181DA /* TextFeedbackQuestionCell.swift */; };
		3B8D9FFE1D27BFEC005181DA /* FeedbackQuestionCell.swift in Sources */ = {isa = PBXBuildFile; fileRef = 3B8D9FFD1D27BFEC005181DA /* FeedbackQuestionCell.swift */; };
		3B981D0A1C65E5A800F31009 /* MyEventsViewController.swift in Sources */ = {isa = PBXBuildFile; fileRef = 3B981D091C65E5A800F31009 /* MyEventsViewController.swift */; };
		3BA2AFF41F7AD65A005EC4D4 /* IconKidsViewController.swift in Sources */ = {isa = PBXBuildFile; fileRef = 3BA2AFF31F7AD65A005EC4D4 /* IconKidsViewController.swift */; };
		3BA2D7F31C554ED3007A8A23 /* AppDelegate.swift in Sources */ = {isa = PBXBuildFile; fileRef = 3BA2D7F21C554ED3007A8A23 /* AppDelegate.swift */; };
		3BA2D7FA1C554ED3007A8A23 /* Main.storyboard in Resources */ = {isa = PBXBuildFile; fileRef = 3BA2D7F81C554ED3007A8A23 /* Main.storyboard */; };
		3BA2D7FC1C554ED3007A8A23 /* Assets.xcassets in Resources */ = {isa = PBXBuildFile; fileRef = 3BA2D7FB1C554ED3007A8A23 /* Assets.xcassets */; };
		3BA2D80F1C5FE8EB007A8A23 /* Convention.swift in Sources */ = {isa = PBXBuildFile; fileRef = 3BA2D80E1C5FE8EB007A8A23 /* Convention.swift */; };
		3BA2D8111C5FEB69007A8A23 /* ConventionEvent.swift in Sources */ = {isa = PBXBuildFile; fileRef = 3BA2D8101C5FEB69007A8A23 /* ConventionEvent.swift */; };
		3BA2D8131C5FEDF5007A8A23 /* EventType.swift in Sources */ = {isa = PBXBuildFile; fileRef = 3BA2D8121C5FEDF5007A8A23 /* EventType.swift */; };
		3BA2D8151C5FEE7B007A8A23 /* Place.swift in Sources */ = {isa = PBXBuildFile; fileRef = 3BA2D8141C5FEE7B007A8A23 /* Place.swift */; };
		3BA2D8171C5FEE97007A8A23 /* Hall.swift in Sources */ = {isa = PBXBuildFile; fileRef = 3BA2D8161C5FEE97007A8A23 /* Hall.swift */; };
		3BA2D81A1C5FF51D007A8A23 /* EventTableViewCell.swift in Sources */ = {isa = PBXBuildFile; fileRef = 3BA2D8191C5FF51D007A8A23 /* EventTableViewCell.swift */; };
		3BA2D81F1C64E862007A8A23 /* EventListHeaderView.swift in Sources */ = {isa = PBXBuildFile; fileRef = 3BA2D81E1C64E862007A8A23 /* EventListHeaderView.swift */; };
		3BA2D8211C64E893007A8A23 /* EventListHeaderView.xib in Resources */ = {isa = PBXBuildFile; fileRef = 3BA2D8201C64E893007A8A23 /* EventListHeaderView.xib */; };
		3BA2D8271C65E3D7007A8A23 /* EventsViewController.swift in Sources */ = {isa = PBXBuildFile; fileRef = 3BA2D8261C65E3D7007A8A23 /* EventsViewController.swift */; };
		3BABAE0F205EF94E004D01AA /* GradientView.swift in Sources */ = {isa = PBXBuildFile; fileRef = 3BABAE0E205EF94E004D01AA /* GradientView.swift */; };
		3BABAE11206047CA004D01AA /* RadialGradientLayer.swift in Sources */ = {isa = PBXBuildFile; fileRef = 3BABAE10206047CA004D01AA /* RadialGradientLayer.swift */; };
		3BABAE1320604970004D01AA /* RadialGradientView.swift in Sources */ = {isa = PBXBuildFile; fileRef = 3BABAE1220604970004D01AA /* RadialGradientView.swift */; };
		3BABAE18206195D0004D01AA /* AttributedViews.swift in Sources */ = {isa = PBXBuildFile; fileRef = 3BABAE17206195CF004D01AA /* AttributedViews.swift */; };
		3BADBDE31D55DEA5002227CB /* NotificationHubInfo.swift in Sources */ = {isa = PBXBuildFile; fileRef = 3BADBDE11D55DEA5002227CB /* NotificationHubInfo.swift */; };
		3BADBDE41D55DEA5002227CB /* NotificationsSchedualer.swift in Sources */ = {isa = PBXBuildFile; fileRef = 3BADBDE21D55DEA5002227CB /* NotificationsSchedualer.swift */; };
		3BB2A9351C84DF39003DCF98 /* Podfile in Resources */ = {isa = PBXBuildFile; fileRef = 3BB2A9341C84DF39003DCF98 /* Podfile */; };
		3BB631051C88EC3800D54D3E /* GoogleService-Info.plist in Resources */ = {isa = PBXBuildFile; fileRef = 3BB631041C88EC3800D54D3E /* GoogleService-Info.plist */; };
		3BB6310C1C89680800D54D3E /* ArrivalMethodsViewController.swift in Sources */ = {isa = PBXBuildFile; fileRef = 3BB631071C89680800D54D3E /* ArrivalMethodsViewController.swift */; };
		3BB6310F1C89680800D54D3E /* TabBarViewController.swift in Sources */ = {isa = PBXBuildFile; fileRef = 3BB6310A1C89680800D54D3E /* TabBarViewController.swift */; };
		3BB631181C896B7700D54D3E /* BaseViewController.swift in Sources */ = {isa = PBXBuildFile; fileRef = 3BB631171C896B7700D54D3E /* BaseViewController.swift */; };
		3BB6311A1C89738400D54D3E /* Update.swift in Sources */ = {isa = PBXBuildFile; fileRef = 3BB631191C89738400D54D3E /* Update.swift */; };
		3BB6311D1C89833D00D54D3E /* UpdatesViewController.swift in Sources */ = {isa = PBXBuildFile; fileRef = 3BB6311C1C89833D00D54D3E /* UpdatesViewController.swift */; };
		3BB6311F1C89838100D54D3E /* UpdateTableViewCell.swift in Sources */ = {isa = PBXBuildFile; fileRef = 3BB6311E1C89838100D54D3E /* UpdateTableViewCell.swift */; };
		3BB631211C89839400D54D3E /* UpdateTableViewCell.xib in Resources */ = {isa = PBXBuildFile; fileRef = 3BB631201C89839400D54D3E /* UpdateTableViewCell.xib */; };
		3BB631251C8ADC0B00D54D3E /* Events.swift in Sources */ = {isa = PBXBuildFile; fileRef = 3BB631241C8ADC0B00D54D3E /* Events.swift */; };
		3BB631291C8AE15900D54D3E /* AmaiEventsParser.swift in Sources */ = {isa = PBXBuildFile; fileRef = 3BB631281C8AE15900D54D3E /* AmaiEventsParser.swift */; };
		3BC5E70D1C8E1D0000AA3C76 /* MapViewController.swift in Sources */ = {isa = PBXBuildFile; fileRef = 3BC5E70C1C8E1D0000AA3C76 /* MapViewController.swift */; };
		3BC5E70F1C8E1DBD00AA3C76 /* MapFloorViewController.swift in Sources */ = {isa = PBXBuildFile; fileRef = 3BC5E70E1C8E1DBD00AA3C76 /* MapFloorViewController.swift */; };
		3BC755721F7FE67D005B051C /* SecondHandItemViewCell.xib in Resources */ = {isa = PBXBuildFile; fileRef = 3BC755711F7FE67D005B051C /* SecondHandItemViewCell.xib */; };
		3BC755741F7FE68B005B051C /* SecondHandItemViewCell.swift in Sources */ = {isa = PBXBuildFile; fileRef = 3BC755731F7FE68B005B051C /* SecondHandItemViewCell.swift */; };
		3BDA282F1F714AE400B1C517 /* DuringConventionWithFavoritesHomeContentView.xib in Resources */ = {isa = PBXBuildFile; fileRef = 3BDA282E1F714AE400B1C517 /* DuringConventionWithFavoritesHomeContentView.xib */; };
		3BDA28311F714B0700B1C517 /* DuringConventionWithFavoritesHomeContentView.swift in Sources */ = {isa = PBXBuildFile; fileRef = 3BDA28301F714B0700B1C517 /* DuringConventionWithFavoritesHomeContentView.swift */; };
		3BE551521D96893800E91634 /* SearchCategoriesView.swift in Sources */ = {isa = PBXBuildFile; fileRef = 3BE551511D96893800E91634 /* SearchCategoriesView.swift */; };
		3BE551541D999D8100E91634 /* AggregatedSearchCategory.swift in Sources */ = {isa = PBXBuildFile; fileRef = 3BE551531D999D8100E91634 /* AggregatedSearchCategory.swift */; };
		3BE9DD77205D791C001F7E5C /* Olamot2018Events.json in Resources */ = {isa = PBXBuildFile; fileRef = 3BE9DD76205D791B001F7E5C /* Olamot2018Events.json */; };
		3BF22D341D9D93700090E8E6 /* MoreInfoViewController.swift in Sources */ = {isa = PBXBuildFile; fileRef = 3BF22D331D9D93700090E8E6 /* MoreInfoViewController.swift */; };
		3BF22D361D9D9B3C0090E8E6 /* AboutViewController.swift in Sources */ = {isa = PBXBuildFile; fileRef = 3BF22D351D9D9B3C0090E8E6 /* AboutViewController.swift */; };
		3BF22D3C1D9DA9470090E8E6 /* DiscountsViewController.swift in Sources */ = {isa = PBXBuildFile; fileRef = 3BF22D3B1D9DA9470090E8E6 /* DiscountsViewController.swift */; };
		3BF22D3E1D9E7CC60090E8E6 /* StaticContentWebView.swift in Sources */ = {isa = PBXBuildFile; fileRef = 3BF22D3D1D9E7CC60090E8E6 /* StaticContentWebView.swift */; };
		3BF22D451D9EC5490090E8E6 /* AboutContent.html in Resources */ = {isa = PBXBuildFile; fileRef = 3BF22D421D9EC5490090E8E6 /* AboutContent.html */; };
		3BF22D461D9EC5490090E8E6 /* ArrivalMethodsContent.html in Resources */ = {isa = PBXBuildFile; fileRef = 3BF22D431D9EC5490090E8E6 /* ArrivalMethodsContent.html */; };
		3BF22D471D9EC5490090E8E6 /* DiscountsContent.html in Resources */ = {isa = PBXBuildFile; fileRef = 3BF22D441D9EC5490090E8E6 /* DiscountsContent.html */; };
		3BF4724C1D6CC5090066AD35 /* MapArea.swift in Sources */ = {isa = PBXBuildFile; fileRef = 3BF4724B1D6CC5090066AD35 /* MapArea.swift */; };
		3BFE31021F6EBC5B00271F58 /* AfterConventionHomeContentView.xib in Resources */ = {isa = PBXBuildFile; fileRef = 3BFE31011F6EBC5B00271F58 /* AfterConventionHomeContentView.xib */; };
		3BFE31041F6EC00C00271F58 /* AfterConventionHomeContentView.swift in Sources */ = {isa = PBXBuildFile; fileRef = 3BFE31031F6EC00C00271F58 /* AfterConventionHomeContentView.swift */; };
		3BFE31061F6EC4DD00271F58 /* DuringConventionNoFavoritesHomeContentView.xib in Resources */ = {isa = PBXBuildFile; fileRef = 3BFE31051F6EC4DD00271F58 /* DuringConventionNoFavoritesHomeContentView.xib */; };
		3BFE31081F6EC4F900271F58 /* DuringConventionNoFavoritesHomeContentView.swift in Sources */ = {isa = PBXBuildFile; fileRef = 3BFE31071F6EC4F900271F58 /* DuringConventionNoFavoritesHomeContentView.swift */; };
		3BFE310C1F703F4100271F58 /* UIViewExtentions.swift in Sources */ = {isa = PBXBuildFile; fileRef = 3BFE310B1F703F4100271F58 /* UIViewExtentions.swift */; };
		3BFE310E1F70477E00271F58 /* ConventionHomeContentViewProtocol.swift in Sources */ = {isa = PBXBuildFile; fileRef = 3BFE310D1F70477E00271F58 /* ConventionHomeContentViewProtocol.swift */; };
/* End PBXBuildFile section */

/* Begin PBXFileReference section */
		0128839004EFB32D3F38B10C /* Pods-Conventions.debug.xcconfig */ = {isa = PBXFileReference; includeInIndex = 1; lastKnownFileType = text.xcconfig; name = "Pods-Conventions.debug.xcconfig"; path = "Pods/Target Support Files/Pods-Conventions/Pods-Conventions.debug.xcconfig"; sourceTree = "<group>"; };
		3B014FAF1D91BD420002DE8F /* SffEventsParser.swift */ = {isa = PBXFileReference; fileEncoding = 4; lastKnownFileType = sourcecode.swift; name = SffEventsParser.swift; path = model/SffEventsParser.swift; sourceTree = "<group>"; };
		3B014FB11D95A1AD0002DE8F /* Colors.swift */ = {isa = PBXFileReference; fileEncoding = 4; lastKnownFileType = sourcecode.swift; path = Colors.swift; sourceTree = "<group>"; };
		3B0288771D99BA4D006E158C /* Updates.swift */ = {isa = PBXFileReference; fileEncoding = 4; lastKnownFileType = sourcecode.swift; name = Updates.swift; path = model/Updates.swift; sourceTree = "<group>"; };
		3B0288791D9AF1CB006E158C /* DateFilterControl.swift */ = {isa = PBXFileReference; fileEncoding = 4; lastKnownFileType = sourcecode.swift; name = DateFilterControl.swift; path = events/DateFilterControl.swift; sourceTree = "<group>"; };
		3B02887B1D9C4720006E158C /* Conventions.entitlements */ = {isa = PBXFileReference; lastKnownFileType = text.plist.entitlements; path = Conventions.entitlements; sourceTree = "<group>"; };
		3B049C791F7E7A880087FA9C /* NotificationRegistrar.swift */ = {isa = PBXFileReference; lastKnownFileType = sourcecode.swift; path = NotificationRegistrar.swift; sourceTree = "<group>"; };
		3B049C7C1F7FBB250087FA9C /* SecondHandViewController.swift */ = {isa = PBXFileReference; lastKnownFileType = sourcecode.swift; path = SecondHandViewController.swift; sourceTree = "<group>"; };
		3B049C7E1F7FBBB60087FA9C /* SecondHand.swift */ = {isa = PBXFileReference; lastKnownFileType = sourcecode.swift; path = SecondHand.swift; sourceTree = "<group>"; };
		3B049C801F7FDACF0087FA9C /* SecondHandFormHeaderView.xib */ = {isa = PBXFileReference; lastKnownFileType = file.xib; path = SecondHandFormHeaderView.xib; sourceTree = "<group>"; };
		3B049C821F7FDB0D0087FA9C /* SecondHandFormHeaderView.swift */ = {isa = PBXFileReference; lastKnownFileType = sourcecode.swift; path = SecondHandFormHeaderView.swift; sourceTree = "<group>"; };
		3B05C11E1D57B2B500C590FF /* NotificationSettingsViewController.swift */ = {isa = PBXFileReference; fileEncoding = 4; lastKnownFileType = sourcecode.swift; path = NotificationSettingsViewController.swift; sourceTree = "<group>"; };
		3B0800B21C81B73D00F406FD /* TTGSnackbar.swift */ = {isa = PBXFileReference; fileEncoding = 4; lastKnownFileType = sourcecode.swift; path = TTGSnackbar.swift; sourceTree = "<group>"; };
		3B114C3F1D30224C003C6167 /* UITextView.swift */ = {isa = PBXFileReference; fileEncoding = 4; lastKnownFileType = sourcecode.swift; name = UITextView.swift; path = extentions/UITextView.swift; sourceTree = "<group>"; };
		3B16597F1C946E720074F1FF /* ZoomToPoint.swift */ = {isa = PBXFileReference; fileEncoding = 4; lastKnownFileType = sourcecode.swift; path = ZoomToPoint.swift; sourceTree = "<group>"; };
		3B17639B1F6D78ED009F8F38 /* BeforeConventionHomeContentView.xib */ = {isa = PBXFileReference; fileEncoding = 4; lastKnownFileType = file.xib; name = BeforeConventionHomeContentView.xib; path = home/BeforeConventionHomeContentView.xib; sourceTree = "<group>"; };
		3B17639D1F6D7BEA009F8F38 /* BeforeConventionHomeContentView.swift */ = {isa = PBXFileReference; fileEncoding = 4; lastKnownFileType = sourcecode.swift; name = BeforeConventionHomeContentView.swift; path = home/BeforeConventionHomeContentView.swift; sourceTree = "<group>"; };
		3B17639F1F6DB52B009F8F38 /* HomeViewController.swift */ = {isa = PBXFileReference; fileEncoding = 4; lastKnownFileType = sourcecode.swift; name = HomeViewController.swift; path = home/HomeViewController.swift; sourceTree = "<group>"; };
		3B1A68631D099211000F4414 /* WindowsAzureMessaging.framework */ = {isa = PBXFileReference; lastKnownFileType = wrapper.framework; path = WindowsAzureMessaging.framework; sourceTree = "<group>"; };
		3B2FD5161D5A65B30009139A /* NotificationSettings.swift */ = {isa = PBXFileReference; fileEncoding = 4; lastKnownFileType = sourcecode.swift; path = NotificationSettings.swift; sourceTree = "<group>"; };
		3B36B7EC1D9680EB00F8EB49 /* SearchCategoriesView.xib */ = {isa = PBXFileReference; fileEncoding = 4; lastKnownFileType = file.xib; name = SearchCategoriesView.xib; path = events/SearchCategoriesView.xib; sourceTree = "<group>"; };
		3B3DEFBA1C78EF88006AD9B9 /* UserInputs.swift */ = {isa = PBXFileReference; fileEncoding = 4; lastKnownFileType = sourcecode.swift; name = UserInputs.swift; path = model/UserInputs.swift; sourceTree = "<group>"; };
		3B3E67E71F53F34900A82DB1 /* SurveyForm.swift */ = {isa = PBXFileReference; fileEncoding = 4; lastKnownFileType = sourcecode.swift; name = SurveyForm.swift; path = model/SurveyForm.swift; sourceTree = "<group>"; };
		3B4B4A711D3415B300943EF5 /* MultipleAnswerFeedbackQuestionCell.xib */ = {isa = PBXFileReference; fileEncoding = 4; lastKnownFileType = file.xib; path = MultipleAnswerFeedbackQuestionCell.xib; sourceTree = "<group>"; };
		3B4B4A731D34171E00943EF5 /* MultipleAnswerFeedbackQuestionCell.swift */ = {isa = PBXFileReference; fileEncoding = 4; lastKnownFileType = sourcecode.swift; path = MultipleAnswerFeedbackQuestionCell.swift; sourceTree = "<group>"; };
		3B4B4A751D341A1600943EF5 /* MultipleAnswerCell.xib */ = {isa = PBXFileReference; fileEncoding = 4; lastKnownFileType = file.xib; path = MultipleAnswerCell.xib; sourceTree = "<group>"; };
		3B4B4A771D341B2A00943EF5 /* MultipleAnswerCell.swift */ = {isa = PBXFileReference; fileEncoding = 4; lastKnownFileType = sourcecode.swift; path = MultipleAnswerCell.swift; sourceTree = "<group>"; };
		3B4B4A7B1D35823600943EF5 /* TableMultipleAnswerFeedbackQuestionCell.xib */ = {isa = PBXFileReference; fileEncoding = 4; lastKnownFileType = file.xib; path = TableMultipleAnswerFeedbackQuestionCell.xib; sourceTree = "<group>"; };
		3B4B4A7D1D36BAE500943EF5 /* TableMultipleAnswerFeedbackQuestionCell.swift */ = {isa = PBXFileReference; fileEncoding = 4; lastKnownFileType = sourcecode.swift; path = TableMultipleAnswerFeedbackQuestionCell.swift; sourceTree = "<group>"; };
		3B4B4A7F1D36BD4B00943EF5 /* TableAnswerCell.xib */ = {isa = PBXFileReference; fileEncoding = 4; lastKnownFileType = file.xib; path = TableAnswerCell.xib; sourceTree = "<group>"; };
		3B4B4A811D36BD5900943EF5 /* TableAnswerCell.swift */ = {isa = PBXFileReference; fileEncoding = 4; lastKnownFileType = sourcecode.swift; path = TableAnswerCell.swift; sourceTree = "<group>"; };
		3B4CEB471C7CF7F500AF041B /* CardView.swift */ = {isa = PBXFileReference; fileEncoding = 4; lastKnownFileType = sourcecode.swift; path = CardView.swift; sourceTree = "<group>"; };
		3B4CEB531C7CF88E00AF041B /* CCColorCube.h */ = {isa = PBXFileReference; fileEncoding = 4; lastKnownFileType = sourcecode.c.h; path = CCColorCube.h; sourceTree = "<group>"; };
		3B4CEB541C7CF88E00AF041B /* CCColorCube.m */ = {isa = PBXFileReference; fileEncoding = 4; lastKnownFileType = sourcecode.c.objc; path = CCColorCube.m; sourceTree = "<group>"; };
		3B4CEB561C7CF8DA00AF041B /* CCLocalMaximum.h */ = {isa = PBXFileReference; fileEncoding = 4; lastKnownFileType = sourcecode.c.h; path = CCLocalMaximum.h; sourceTree = "<group>"; };
		3B4CEB571C7CF8DA00AF041B /* CCLocalMaximum.m */ = {isa = PBXFileReference; fileEncoding = 4; lastKnownFileType = sourcecode.c.objc; path = CCLocalMaximum.m; sourceTree = "<group>"; };
		3B523D4C1C660B1700D3D055 /* EventViewController.swift */ = {isa = PBXFileReference; fileEncoding = 4; lastKnownFileType = sourcecode.swift; name = EventViewController.swift; path = events/EventViewController.swift; sourceTree = "<group>"; };
		3B55A9991C7A48C700C5BCE4 /* EventView.swift */ = {isa = PBXFileReference; fileEncoding = 4; lastKnownFileType = sourcecode.swift; name = EventView.swift; path = events/EventView.swift; sourceTree = "<group>"; };
		3B55A99B1C7A48DD00C5BCE4 /* EventView.xib */ = {isa = PBXFileReference; fileEncoding = 4; lastKnownFileType = file.xib; name = EventView.xib; path = events/EventView.xib; sourceTree = "<group>"; };
		3B5E0C771C933B2D004BF8AE /* Base */ = {isa = PBXFileReference; lastKnownFileType = file.storyboard; name = Base; path = Conventions/Base.lproj/LaunchScreen.storyboard; sourceTree = "<group>"; };
		3B664D831F76391000A7D336 /* HTMLdecode.swift */ = {isa = PBXFileReference; lastKnownFileType = sourcecode.swift; path = HTMLdecode.swift; sourceTree = "<group>"; };
		3B6AF9821C6FC1B8004B9DAD /* UIColorExtentions.swift */ = {isa = PBXFileReference; fileEncoding = 4; lastKnownFileType = sourcecode.swift; name = UIColorExtentions.swift; path = extentions/UIColorExtentions.swift; sourceTree = "<group>"; };
		3B6AF9841C6FC1D5004B9DAD /* NSDateExtentions.swift */ = {isa = PBXFileReference; fileEncoding = 4; lastKnownFileType = sourcecode.swift; name = NSDateExtentions.swift; path = extentions/NSDateExtentions.swift; sourceTree = "<group>"; };
		3B8664C71D4007DC00A504FC /* UserInput.swift */ = {isa = PBXFileReference; fileEncoding = 4; lastKnownFileType = sourcecode.swift; name = UserInput.swift; path = model/UserInput.swift; sourceTree = "<group>"; };
		3B8664C91D4234DD00A504FC /* ConventionFeedbackViewController.swift */ = {isa = PBXFileReference; fileEncoding = 4; lastKnownFileType = sourcecode.swift; path = ConventionFeedbackViewController.swift; sourceTree = "<group>"; };
		3B8D9FE81D153A28005181DA /* FeedbackQuestion.swift */ = {isa = PBXFileReference; fileEncoding = 4; lastKnownFileType = sourcecode.swift; name = FeedbackQuestion.swift; path = model/FeedbackQuestion.swift; sourceTree = "<group>"; };
		3B8D9FEA1D171B1D005181DA /* FeedbackAnswer.swift */ = {isa = PBXFileReference; fileEncoding = 4; lastKnownFileType = sourcecode.swift; name = FeedbackAnswer.swift; path = model/FeedbackAnswer.swift; sourceTree = "<group>"; };
		3B8D9FED1D1D4E9C005181DA /* FeedbackView.xib */ = {isa = PBXFileReference; fileEncoding = 4; lastKnownFileType = file.xib; path = FeedbackView.xib; sourceTree = "<group>"; };
		3B8D9FEF1D1D9BA9005181DA /* FeedbackView.swift */ = {isa = PBXFileReference; fileEncoding = 4; lastKnownFileType = sourcecode.swift; path = FeedbackView.swift; sourceTree = "<group>"; };
		3B8D9FF11D1DA068005181DA /* SmileyFeedbackQuestionCell.xib */ = {isa = PBXFileReference; fileEncoding = 4; lastKnownFileType = file.xib; path = SmileyFeedbackQuestionCell.xib; sourceTree = "<group>"; };
		3B8D9FF31D1DC7F4005181DA /* SmileyFeedbackQuestionCell.swift */ = {isa = PBXFileReference; fileEncoding = 4; lastKnownFileType = sourcecode.swift; path = SmileyFeedbackQuestionCell.swift; sourceTree = "<group>"; };
		3B8D9FF91D27BCEF005181DA /* TextFeedbackQuestionCell.xib */ = {isa = PBXFileReference; fileEncoding = 4; lastKnownFileType = file.xib; path = TextFeedbackQuestionCell.xib; sourceTree = "<group>"; };
		3B8D9FFB1D27BEE3005181DA /* TextFeedbackQuestionCell.swift */ = {isa = PBXFileReference; fileEncoding = 4; lastKnownFileType = sourcecode.swift; path = TextFeedbackQuestionCell.swift; sourceTree = "<group>"; };
		3B8D9FFD1D27BFEC005181DA /* FeedbackQuestionCell.swift */ = {isa = PBXFileReference; fileEncoding = 4; lastKnownFileType = sourcecode.swift; path = FeedbackQuestionCell.swift; sourceTree = "<group>"; };
		3B981D091C65E5A800F31009 /* MyEventsViewController.swift */ = {isa = PBXFileReference; fileEncoding = 4; lastKnownFileType = sourcecode.swift; name = MyEventsViewController.swift; path = events/MyEventsViewController.swift; sourceTree = "<group>"; };
		3BA2AFF31F7AD65A005EC4D4 /* IconKidsViewController.swift */ = {isa = PBXFileReference; lastKnownFileType = sourcecode.swift; path = IconKidsViewController.swift; sourceTree = "<group>"; };
		3BA2D7EF1C554ED3007A8A23 /* Conventions.app */ = {isa = PBXFileReference; explicitFileType = wrapper.application; includeInIndex = 0; path = Conventions.app; sourceTree = BUILT_PRODUCTS_DIR; };
		3BA2D7F21C554ED3007A8A23 /* AppDelegate.swift */ = {isa = PBXFileReference; lastKnownFileType = sourcecode.swift; path = AppDelegate.swift; sourceTree = "<group>"; };
		3BA2D7F91C554ED3007A8A23 /* Base */ = {isa = PBXFileReference; lastKnownFileType = file.storyboard; name = Base; path = Base.lproj/Main.storyboard; sourceTree = "<group>"; };
		3BA2D7FB1C554ED3007A8A23 /* Assets.xcassets */ = {isa = PBXFileReference; lastKnownFileType = folder.assetcatalog; path = Assets.xcassets; sourceTree = "<group>"; };
		3BA2D8001C554ED3007A8A23 /* Info.plist */ = {isa = PBXFileReference; lastKnownFileType = text.plist.xml; path = Info.plist; sourceTree = "<group>"; };
		3BA2D80E1C5FE8EB007A8A23 /* Convention.swift */ = {isa = PBXFileReference; fileEncoding = 4; lastKnownFileType = sourcecode.swift; name = Convention.swift; path = model/Convention.swift; sourceTree = "<group>"; };
		3BA2D8101C5FEB69007A8A23 /* ConventionEvent.swift */ = {isa = PBXFileReference; fileEncoding = 4; lastKnownFileType = sourcecode.swift; name = ConventionEvent.swift; path = model/ConventionEvent.swift; sourceTree = "<group>"; };
		3BA2D8121C5FEDF5007A8A23 /* EventType.swift */ = {isa = PBXFileReference; fileEncoding = 4; lastKnownFileType = sourcecode.swift; name = EventType.swift; path = model/EventType.swift; sourceTree = "<group>"; };
		3BA2D8141C5FEE7B007A8A23 /* Place.swift */ = {isa = PBXFileReference; fileEncoding = 4; lastKnownFileType = sourcecode.swift; name = Place.swift; path = model/Place.swift; sourceTree = "<group>"; };
		3BA2D8161C5FEE97007A8A23 /* Hall.swift */ = {isa = PBXFileReference; fileEncoding = 4; lastKnownFileType = sourcecode.swift; name = Hall.swift; path = model/Hall.swift; sourceTree = "<group>"; };
		3BA2D8191C5FF51D007A8A23 /* EventTableViewCell.swift */ = {isa = PBXFileReference; fileEncoding = 4; lastKnownFileType = sourcecode.swift; name = EventTableViewCell.swift; path = events/EventTableViewCell.swift; sourceTree = "<group>"; };
		3BA2D81E1C64E862007A8A23 /* EventListHeaderView.swift */ = {isa = PBXFileReference; fileEncoding = 4; lastKnownFileType = sourcecode.swift; name = EventListHeaderView.swift; path = events/EventListHeaderView.swift; sourceTree = "<group>"; };
		3BA2D8201C64E893007A8A23 /* EventListHeaderView.xib */ = {isa = PBXFileReference; fileEncoding = 4; lastKnownFileType = file.xib; name = EventListHeaderView.xib; path = events/EventListHeaderView.xib; sourceTree = "<group>"; };
		3BA2D8261C65E3D7007A8A23 /* EventsViewController.swift */ = {isa = PBXFileReference; fileEncoding = 4; lastKnownFileType = sourcecode.swift; name = EventsViewController.swift; path = events/EventsViewController.swift; sourceTree = "<group>"; };
		3BABAE0E205EF94E004D01AA /* GradientView.swift */ = {isa = PBXFileReference; lastKnownFileType = sourcecode.swift; path = GradientView.swift; sourceTree = "<group>"; };
		3BABAE10206047CA004D01AA /* RadialGradientLayer.swift */ = {isa = PBXFileReference; lastKnownFileType = sourcecode.swift; path = RadialGradientLayer.swift; sourceTree = "<group>"; };
		3BABAE1220604970004D01AA /* RadialGradientView.swift */ = {isa = PBXFileReference; lastKnownFileType = sourcecode.swift; path = RadialGradientView.swift; sourceTree = "<group>"; };
		3BABAE17206195CF004D01AA /* AttributedViews.swift */ = {isa = PBXFileReference; lastKnownFileType = sourcecode.swift; path = AttributedViews.swift; sourceTree = "<group>"; };
		3BADBDE11D55DEA5002227CB /* NotificationHubInfo.swift */ = {isa = PBXFileReference; fileEncoding = 4; lastKnownFileType = sourcecode.swift; path = NotificationHubInfo.swift; sourceTree = "<group>"; };
		3BADBDE21D55DEA5002227CB /* NotificationsSchedualer.swift */ = {isa = PBXFileReference; fileEncoding = 4; lastKnownFileType = sourcecode.swift; path = NotificationsSchedualer.swift; sourceTree = "<group>"; };
		3BB2A9341C84DF39003DCF98 /* Podfile */ = {isa = PBXFileReference; fileEncoding = 4; lastKnownFileType = text; path = Podfile; sourceTree = "<group>"; xcLanguageSpecificationIdentifier = xcode.lang.ruby; };
		3BB631041C88EC3800D54D3E /* GoogleService-Info.plist */ = {isa = PBXFileReference; fileEncoding = 4; lastKnownFileType = text.plist.xml; path = "GoogleService-Info.plist"; sourceTree = "<group>"; };
		3BB631071C89680800D54D3E /* ArrivalMethodsViewController.swift */ = {isa = PBXFileReference; fileEncoding = 4; lastKnownFileType = sourcecode.swift; path = ArrivalMethodsViewController.swift; sourceTree = "<group>"; };
		3BB6310A1C89680800D54D3E /* TabBarViewController.swift */ = {isa = PBXFileReference; fileEncoding = 4; lastKnownFileType = sourcecode.swift; path = TabBarViewController.swift; sourceTree = "<group>"; };
		3BB631171C896B7700D54D3E /* BaseViewController.swift */ = {isa = PBXFileReference; fileEncoding = 4; lastKnownFileType = sourcecode.swift; path = BaseViewController.swift; sourceTree = "<group>"; };
		3BB631191C89738400D54D3E /* Update.swift */ = {isa = PBXFileReference; fileEncoding = 4; lastKnownFileType = sourcecode.swift; name = Update.swift; path = model/Update.swift; sourceTree = "<group>"; };
		3BB6311C1C89833D00D54D3E /* UpdatesViewController.swift */ = {isa = PBXFileReference; fileEncoding = 4; lastKnownFileType = sourcecode.swift; path = UpdatesViewController.swift; sourceTree = "<group>"; };
		3BB6311E1C89838100D54D3E /* UpdateTableViewCell.swift */ = {isa = PBXFileReference; fileEncoding = 4; lastKnownFileType = sourcecode.swift; path = UpdateTableViewCell.swift; sourceTree = "<group>"; };
		3BB631201C89839400D54D3E /* UpdateTableViewCell.xib */ = {isa = PBXFileReference; fileEncoding = 4; lastKnownFileType = file.xib; path = UpdateTableViewCell.xib; sourceTree = "<group>"; };
		3BB631241C8ADC0B00D54D3E /* Events.swift */ = {isa = PBXFileReference; fileEncoding = 4; lastKnownFileType = sourcecode.swift; name = Events.swift; path = model/Events.swift; sourceTree = "<group>"; };
		3BB631281C8AE15900D54D3E /* AmaiEventsParser.swift */ = {isa = PBXFileReference; fileEncoding = 4; lastKnownFileType = sourcecode.swift; name = AmaiEventsParser.swift; path = model/AmaiEventsParser.swift; sourceTree = "<group>"; };
		3BC5E70C1C8E1D0000AA3C76 /* MapViewController.swift */ = {isa = PBXFileReference; fileEncoding = 4; lastKnownFileType = sourcecode.swift; path = MapViewController.swift; sourceTree = "<group>"; };
		3BC5E70E1C8E1DBD00AA3C76 /* MapFloorViewController.swift */ = {isa = PBXFileReference; fileEncoding = 4; lastKnownFileType = sourcecode.swift; path = MapFloorViewController.swift; sourceTree = "<group>"; };
		3BC755711F7FE67D005B051C /* SecondHandItemViewCell.xib */ = {isa = PBXFileReference; lastKnownFileType = file.xib; path = SecondHandItemViewCell.xib; sourceTree = "<group>"; };
		3BC755731F7FE68B005B051C /* SecondHandItemViewCell.swift */ = {isa = PBXFileReference; lastKnownFileType = sourcecode.swift; path = SecondHandItemViewCell.swift; sourceTree = "<group>"; };
		3BD446DC1C877A5500CE07E8 /* Conventions-Bridging-Header.h */ = {isa = PBXFileReference; lastKnownFileType = sourcecode.c.h; path = "Conventions-Bridging-Header.h"; sourceTree = "<group>"; };
		3BDA282E1F714AE400B1C517 /* DuringConventionWithFavoritesHomeContentView.xib */ = {isa = PBXFileReference; fileEncoding = 4; lastKnownFileType = file.xib; name = DuringConventionWithFavoritesHomeContentView.xib; path = home/DuringConventionWithFavoritesHomeContentView.xib; sourceTree = "<group>"; };
		3BDA28301F714B0700B1C517 /* DuringConventionWithFavoritesHomeContentView.swift */ = {isa = PBXFileReference; fileEncoding = 4; lastKnownFileType = sourcecode.swift; name = DuringConventionWithFavoritesHomeContentView.swift; path = home/DuringConventionWithFavoritesHomeContentView.swift; sourceTree = "<group>"; };
		3BE551511D96893800E91634 /* SearchCategoriesView.swift */ = {isa = PBXFileReference; fileEncoding = 4; lastKnownFileType = sourcecode.swift; name = SearchCategoriesView.swift; path = events/SearchCategoriesView.swift; sourceTree = "<group>"; };
		3BE551531D999D8100E91634 /* AggregatedSearchCategory.swift */ = {isa = PBXFileReference; fileEncoding = 4; lastKnownFileType = sourcecode.swift; name = AggregatedSearchCategory.swift; path = model/AggregatedSearchCategory.swift; sourceTree = "<group>"; };
		3BE9DD76205D791B001F7E5C /* Olamot2018Events.json */ = {isa = PBXFileReference; fileEncoding = 4; lastKnownFileType = text.json; path = Olamot2018Events.json; sourceTree = "<group>"; };
		3BF22D331D9D93700090E8E6 /* MoreInfoViewController.swift */ = {isa = PBXFileReference; fileEncoding = 4; lastKnownFileType = sourcecode.swift; path = MoreInfoViewController.swift; sourceTree = "<group>"; };
		3BF22D351D9D9B3C0090E8E6 /* AboutViewController.swift */ = {isa = PBXFileReference; fileEncoding = 4; lastKnownFileType = sourcecode.swift; path = AboutViewController.swift; sourceTree = "<group>"; };
		3BF22D3B1D9DA9470090E8E6 /* DiscountsViewController.swift */ = {isa = PBXFileReference; fileEncoding = 4; lastKnownFileType = sourcecode.swift; path = DiscountsViewController.swift; sourceTree = "<group>"; };
		3BF22D3D1D9E7CC60090E8E6 /* StaticContentWebView.swift */ = {isa = PBXFileReference; fileEncoding = 4; lastKnownFileType = sourcecode.swift; path = StaticContentWebView.swift; sourceTree = "<group>"; };
		3BF22D421D9EC5490090E8E6 /* AboutContent.html */ = {isa = PBXFileReference; fileEncoding = 4; lastKnownFileType = text.html; path = AboutContent.html; sourceTree = "<group>"; };
		3BF22D431D9EC5490090E8E6 /* ArrivalMethodsContent.html */ = {isa = PBXFileReference; fileEncoding = 4; lastKnownFileType = text.html; path = ArrivalMethodsContent.html; sourceTree = "<group>"; };
		3BF22D441D9EC5490090E8E6 /* DiscountsContent.html */ = {isa = PBXFileReference; fileEncoding = 4; lastKnownFileType = text.html; path = DiscountsContent.html; sourceTree = "<group>"; };
		3BF4724B1D6CC5090066AD35 /* MapArea.swift */ = {isa = PBXFileReference; fileEncoding = 4; lastKnownFileType = sourcecode.swift; name = MapArea.swift; path = model/MapArea.swift; sourceTree = "<group>"; };
		3BFE31011F6EBC5B00271F58 /* AfterConventionHomeContentView.xib */ = {isa = PBXFileReference; fileEncoding = 4; lastKnownFileType = file.xib; name = AfterConventionHomeContentView.xib; path = home/AfterConventionHomeContentView.xib; sourceTree = "<group>"; };
		3BFE31031F6EC00C00271F58 /* AfterConventionHomeContentView.swift */ = {isa = PBXFileReference; fileEncoding = 4; lastKnownFileType = sourcecode.swift; name = AfterConventionHomeContentView.swift; path = home/AfterConventionHomeContentView.swift; sourceTree = "<group>"; };
		3BFE31051F6EC4DD00271F58 /* DuringConventionNoFavoritesHomeContentView.xib */ = {isa = PBXFileReference; fileEncoding = 4; lastKnownFileType = file.xib; name = DuringConventionNoFavoritesHomeContentView.xib; path = home/DuringConventionNoFavoritesHomeContentView.xib; sourceTree = "<group>"; };
		3BFE31071F6EC4F900271F58 /* DuringConventionNoFavoritesHomeContentView.swift */ = {isa = PBXFileReference; fileEncoding = 4; lastKnownFileType = sourcecode.swift; name = DuringConventionNoFavoritesHomeContentView.swift; path = home/DuringConventionNoFavoritesHomeContentView.swift; sourceTree = "<group>"; };
		3BFE310B1F703F4100271F58 /* UIViewExtentions.swift */ = {isa = PBXFileReference; fileEncoding = 4; lastKnownFileType = sourcecode.swift; name = UIViewExtentions.swift; path = extentions/UIViewExtentions.swift; sourceTree = "<group>"; };
		3BFE310D1F70477E00271F58 /* ConventionHomeContentViewProtocol.swift */ = {isa = PBXFileReference; fileEncoding = 4; lastKnownFileType = sourcecode.swift; name = ConventionHomeContentViewProtocol.swift; path = home/ConventionHomeContentViewProtocol.swift; sourceTree = "<group>"; };
		91EE3412A5156C8021C08D64 /* Pods-Conventions.release.xcconfig */ = {isa = PBXFileReference; includeInIndex = 1; lastKnownFileType = text.xcconfig; name = "Pods-Conventions.release.xcconfig"; path = "Pods/Target Support Files/Pods-Conventions/Pods-Conventions.release.xcconfig"; sourceTree = "<group>"; };
		9EE33EE47A018AB1F6602C95 /* libPods-Conventions.a */ = {isa = PBXFileReference; explicitFileType = archive.ar; includeInIndex = 0; path = "libPods-Conventions.a"; sourceTree = BUILT_PRODUCTS_DIR; };
/* End PBXFileReference section */

/* Begin PBXFrameworksBuildPhase section */
		3BA2D7EC1C554ED3007A8A23 /* Frameworks */ = {
			isa = PBXFrameworksBuildPhase;
			buildActionMask = 2147483647;
			files = (
				3B1A68641D099211000F4414 /* WindowsAzureMessaging.framework in Frameworks */,
				05F2A6A0FC33F04938D5EE0A /* libPods-Conventions.a in Frameworks */,
			);
			runOnlyForDeploymentPostprocessing = 0;
		};
/* End PBXFrameworksBuildPhase section */

/* Begin PBXGroup section */
		148767BF2F25D49BC0ECBC66 /* Pods */ = {
			isa = PBXGroup;
			children = (
				0128839004EFB32D3F38B10C /* Pods-Conventions.debug.xcconfig */,
				91EE3412A5156C8021C08D64 /* Pods-Conventions.release.xcconfig */,
			);
			name = Pods;
			sourceTree = "<group>";
		};
		3B049C7B1F7EB4670087FA9C /* secondhand */ = {
			isa = PBXGroup;
			children = (
				3B049C7C1F7FBB250087FA9C /* SecondHandViewController.swift */,
				3B049C7E1F7FBBB60087FA9C /* SecondHand.swift */,
				3B049C801F7FDACF0087FA9C /* SecondHandFormHeaderView.xib */,
				3B049C821F7FDB0D0087FA9C /* SecondHandFormHeaderView.swift */,
				3BC755711F7FE67D005B051C /* SecondHandItemViewCell.xib */,
				3BC755731F7FE68B005B051C /* SecondHandItemViewCell.swift */,
			);
			path = secondhand;
			sourceTree = "<group>";
		};
		3B0800B11C81B72F00F406FD /* TTGSnackbar */ = {
			isa = PBXGroup;
			children = (
				3B0800B21C81B73D00F406FD /* TTGSnackbar.swift */,
			);
			name = TTGSnackbar;
			path = externals/TTGSnackbar;
			sourceTree = "<group>";
		};
		3B16597E1C946E320074F1FF /* ZoomToPoint */ = {
			isa = PBXGroup;
			children = (
				3B16597F1C946E720074F1FF /* ZoomToPoint.swift */,
			);
			name = ZoomToPoint;
			path = externals/ZoomToPoint;
			sourceTree = "<group>";
		};
		3B17639A1F6D788B009F8F38 /* home */ = {
			isa = PBXGroup;
			children = (
				3B17639B1F6D78ED009F8F38 /* BeforeConventionHomeContentView.xib */,
				3B17639D1F6D7BEA009F8F38 /* BeforeConventionHomeContentView.swift */,
				3B17639F1F6DB52B009F8F38 /* HomeViewController.swift */,
				3BFE31011F6EBC5B00271F58 /* AfterConventionHomeContentView.xib */,
				3BFE31031F6EC00C00271F58 /* AfterConventionHomeContentView.swift */,
				3BFE31051F6EC4DD00271F58 /* DuringConventionNoFavoritesHomeContentView.xib */,
				3BFE31071F6EC4F900271F58 /* DuringConventionNoFavoritesHomeContentView.swift */,
				3BFE310D1F70477E00271F58 /* ConventionHomeContentViewProtocol.swift */,
				3BDA282E1F714AE400B1C517 /* DuringConventionWithFavoritesHomeContentView.xib */,
				3BDA28301F714B0700B1C517 /* DuringConventionWithFavoritesHomeContentView.swift */,
			);
			name = home;
			sourceTree = "<group>";
		};
		3B2497CD1C8636E800A87623 /* cache */ = {
			isa = PBXGroup;
			children = (
				3BE9DD76205D791B001F7E5C /* Olamot2018Events.json */,
			);
			path = cache;
			sourceTree = "<group>";
		};
		3B4CEB461C7CF7F500AF041B /* CardView */ = {
			isa = PBXGroup;
			children = (
				3B4CEB471C7CF7F500AF041B /* CardView.swift */,
			);
			name = CardView;
			path = externals/CardView;
			sourceTree = "<group>";
		};
		3B4CEB481C7CF7F500AF041B /* CCColorCube */ = {
			isa = PBXGroup;
			children = (
				3B4CEB531C7CF88E00AF041B /* CCColorCube.h */,
				3B4CEB541C7CF88E00AF041B /* CCColorCube.m */,
				3B4CEB561C7CF8DA00AF041B /* CCLocalMaximum.h */,
				3B4CEB571C7CF8DA00AF041B /* CCLocalMaximum.m */,
			);
			name = CCColorCube;
			path = externals/CCColorCube;
			sourceTree = "<group>";
		};
		3B664D821F76391000A7D336 /* HtmlDecode */ = {
			isa = PBXGroup;
			children = (
				3B664D831F76391000A7D336 /* HTMLdecode.swift */,
			);
			name = HtmlDecode;
			path = externals/HtmlDecode;
			sourceTree = "<group>";
		};
		3B6AF9811C6FC172004B9DAD /* extentions */ = {
			isa = PBXGroup;
			children = (
				3B6AF9821C6FC1B8004B9DAD /* UIColorExtentions.swift */,
				3B6AF9841C6FC1D5004B9DAD /* NSDateExtentions.swift */,
				3B114C3F1D30224C003C6167 /* UITextView.swift */,
				3BFE310B1F703F4100271F58 /* UIViewExtentions.swift */,
			);
			name = extentions;
			sourceTree = "<group>";
		};
		3B8D9FEC1D1D4E4E005181DA /* feedback */ = {
			isa = PBXGroup;
			children = (
				3B8D9FED1D1D4E9C005181DA /* FeedbackView.xib */,
				3B8D9FEF1D1D9BA9005181DA /* FeedbackView.swift */,
				3B8D9FF11D1DA068005181DA /* SmileyFeedbackQuestionCell.xib */,
				3B8D9FF31D1DC7F4005181DA /* SmileyFeedbackQuestionCell.swift */,
				3B8D9FF91D27BCEF005181DA /* TextFeedbackQuestionCell.xib */,
				3B8D9FFB1D27BEE3005181DA /* TextFeedbackQuestionCell.swift */,
				3B8D9FFD1D27BFEC005181DA /* FeedbackQuestionCell.swift */,
				3B4B4A711D3415B300943EF5 /* MultipleAnswerFeedbackQuestionCell.xib */,
				3B4B4A731D34171E00943EF5 /* MultipleAnswerFeedbackQuestionCell.swift */,
				3B4B4A751D341A1600943EF5 /* MultipleAnswerCell.xib */,
				3B4B4A771D341B2A00943EF5 /* MultipleAnswerCell.swift */,
				3B4B4A7B1D35823600943EF5 /* TableMultipleAnswerFeedbackQuestionCell.xib */,
				3B4B4A7D1D36BAE500943EF5 /* TableMultipleAnswerFeedbackQuestionCell.swift */,
				3B4B4A7F1D36BD4B00943EF5 /* TableAnswerCell.xib */,
				3B4B4A811D36BD5900943EF5 /* TableAnswerCell.swift */,
				3B8664C91D4234DD00A504FC /* ConventionFeedbackViewController.swift */,
			);
			path = feedback;
			sourceTree = "<group>";
		};
		3BA2D7E61C554ED3007A8A23 = {
			isa = PBXGroup;
			children = (
				3BB2A9341C84DF39003DCF98 /* Podfile */,
				3BA2D7F11C554ED3007A8A23 /* Conventions */,
				3BA2D7F01C554ED3007A8A23 /* Products */,
				3FE5F9B9B9C4572652184568 /* Frameworks */,
				148767BF2F25D49BC0ECBC66 /* Pods */,
			);
			sourceTree = "<group>";
		};
		3BA2D7F01C554ED3007A8A23 /* Products */ = {
			isa = PBXGroup;
			children = (
				3BA2D7EF1C554ED3007A8A23 /* Conventions.app */,
			);
			name = Products;
			sourceTree = "<group>";
		};
		3BA2D7F11C554ED3007A8A23 /* Conventions */ = {
			isa = PBXGroup;
			children = (
				3BABAE1420605695004D01AA /* gradient */,
				3B049C7B1F7EB4670087FA9C /* secondhand */,
				3B17639A1F6D788B009F8F38 /* home */,
				3B02887B1D9C4720006E158C /* Conventions.entitlements */,
				3B8D9FEC1D1D4E4E005181DA /* feedback */,
				3BB631061C89680800D54D3E /* controllers */,
				3BF22D411D9EC5490090E8E6 /* htmls */,
				3B2497CD1C8636E800A87623 /* cache */,
				3B6AF9811C6FC172004B9DAD /* extentions */,
				3BA2D81B1C613BC8007A8A23 /* externals */,
				3BA2D8181C5FF4C5007A8A23 /* events */,
				3BB6311B1C89833D00D54D3E /* updates */,
				3BA2D80D1C5FE8A0007A8A23 /* model */,
				3BADBDE01D55DEA5002227CB /* notifications */,
				3BA2D7FB1C554ED3007A8A23 /* Assets.xcassets */,
				3BA2D7F21C554ED3007A8A23 /* AppDelegate.swift */,
				3BA2D7F81C554ED3007A8A23 /* Main.storyboard */,
				3B5E0C761C933B2D004BF8AE /* LaunchScreen.storyboard */,
				3BA2D8001C554ED3007A8A23 /* Info.plist */,
				3BB631041C88EC3800D54D3E /* GoogleService-Info.plist */,
				3BD446DC1C877A5500CE07E8 /* Conventions-Bridging-Header.h */,
				3BB631171C896B7700D54D3E /* BaseViewController.swift */,
				3B014FB11D95A1AD0002DE8F /* Colors.swift */,
				3BF22D3D1D9E7CC60090E8E6 /* StaticContentWebView.swift */,
			);
			path = Conventions;
			sourceTree = "<group>";
		};
		3BA2D80D1C5FE8A0007A8A23 /* model */ = {
			isa = PBXGroup;
			children = (
				3BA2D80E1C5FE8EB007A8A23 /* Convention.swift */,
				3BA2D8101C5FEB69007A8A23 /* ConventionEvent.swift */,
				3BA2D8121C5FEDF5007A8A23 /* EventType.swift */,
				3BA2D8141C5FEE7B007A8A23 /* Place.swift */,
				3BA2D8161C5FEE97007A8A23 /* Hall.swift */,
				3B3DEFBA1C78EF88006AD9B9 /* UserInputs.swift */,
				3BB631241C8ADC0B00D54D3E /* Events.swift */,
				3BB631281C8AE15900D54D3E /* AmaiEventsParser.swift */,
				3B0288771D99BA4D006E158C /* Updates.swift */,
				3BB631191C89738400D54D3E /* Update.swift */,
				3B8D9FE81D153A28005181DA /* FeedbackQuestion.swift */,
				3B8D9FEA1D171B1D005181DA /* FeedbackAnswer.swift */,
				3B8664C71D4007DC00A504FC /* UserInput.swift */,
				3BF4724B1D6CC5090066AD35 /* MapArea.swift */,
				3B014FAF1D91BD420002DE8F /* SffEventsParser.swift */,
				3BE551531D999D8100E91634 /* AggregatedSearchCategory.swift */,
				3B3E67E71F53F34900A82DB1 /* SurveyForm.swift */,
			);
			name = model;
			sourceTree = "<group>";
		};
		3BA2D8181C5FF4C5007A8A23 /* events */ = {
			isa = PBXGroup;
			children = (
				3BA2D8261C65E3D7007A8A23 /* EventsViewController.swift */,
				3BA2D8191C5FF51D007A8A23 /* EventTableViewCell.swift */,
				3BA2D81E1C64E862007A8A23 /* EventListHeaderView.swift */,
				3BA2D8201C64E893007A8A23 /* EventListHeaderView.xib */,
				3B981D091C65E5A800F31009 /* MyEventsViewController.swift */,
				3B523D4C1C660B1700D3D055 /* EventViewController.swift */,
				3B55A9991C7A48C700C5BCE4 /* EventView.swift */,
				3B55A99B1C7A48DD00C5BCE4 /* EventView.xib */,
				3BE551511D96893800E91634 /* SearchCategoriesView.swift */,
				3B36B7EC1D9680EB00F8EB49 /* SearchCategoriesView.xib */,
				3B0288791D9AF1CB006E158C /* DateFilterControl.swift */,
			);
			name = events;
			sourceTree = "<group>";
		};
		3BA2D81B1C613BC8007A8A23 /* externals */ = {
			isa = PBXGroup;
			children = (
				3B664D821F76391000A7D336 /* HtmlDecode */,
				3B16597E1C946E320074F1FF /* ZoomToPoint */,
				3B0800B11C81B72F00F406FD /* TTGSnackbar */,
				3B4CEB461C7CF7F500AF041B /* CardView */,
				3B4CEB481C7CF7F500AF041B /* CCColorCube */,
			);
			name = externals;
			sourceTree = "<group>";
		};
		3BABAE1420605695004D01AA /* gradient */ = {
			isa = PBXGroup;
			children = (
				3BABAE0E205EF94E004D01AA /* GradientView.swift */,
				3BABAE10206047CA004D01AA /* RadialGradientLayer.swift */,
				3BABAE1220604970004D01AA /* RadialGradientView.swift */,
				3BABAE17206195CF004D01AA /* AttributedViews.swift */,
			);
			path = gradient;
			sourceTree = "<group>";
		};
		3BADBDE01D55DEA5002227CB /* notifications */ = {
			isa = PBXGroup;
			children = (
				3B2FD5161D5A65B30009139A /* NotificationSettings.swift */,
				3BADBDE11D55DEA5002227CB /* NotificationHubInfo.swift */,
				3BADBDE21D55DEA5002227CB /* NotificationsSchedualer.swift */,
				3B05C11E1D57B2B500C590FF /* NotificationSettingsViewController.swift */,
				3B049C791F7E7A880087FA9C /* NotificationRegistrar.swift */,
			);
			path = notifications;
			sourceTree = "<group>";
		};
		3BB631061C89680800D54D3E /* controllers */ = {
			isa = PBXGroup;
			children = (
				3BB631071C89680800D54D3E /* ArrivalMethodsViewController.swift */,
				3BB6310A1C89680800D54D3E /* TabBarViewController.swift */,
				3BC5E70C1C8E1D0000AA3C76 /* MapViewController.swift */,
				3BC5E70E1C8E1DBD00AA3C76 /* MapFloorViewController.swift */,
				3BF22D331D9D93700090E8E6 /* MoreInfoViewController.swift */,
				3BF22D351D9D9B3C0090E8E6 /* AboutViewController.swift */,
				3BF22D3B1D9DA9470090E8E6 /* DiscountsViewController.swift */,
				3BA2AFF31F7AD65A005EC4D4 /* IconKidsViewController.swift */,
			);
			name = controllers;
			path = Conventions/controllers;
			sourceTree = SOURCE_ROOT;
		};
		3BB6311B1C89833D00D54D3E /* updates */ = {
			isa = PBXGroup;
			children = (
				3BB6311C1C89833D00D54D3E /* UpdatesViewController.swift */,
				3BB6311E1C89838100D54D3E /* UpdateTableViewCell.swift */,
				3BB631201C89839400D54D3E /* UpdateTableViewCell.xib */,
			);
			path = updates;
			sourceTree = "<group>";
		};
		3BF22D411D9EC5490090E8E6 /* htmls */ = {
			isa = PBXGroup;
			children = (
				3BF22D421D9EC5490090E8E6 /* AboutContent.html */,
				3BF22D431D9EC5490090E8E6 /* ArrivalMethodsContent.html */,
				3BF22D441D9EC5490090E8E6 /* DiscountsContent.html */,
			);
			path = htmls;
			sourceTree = "<group>";
		};
		3FE5F9B9B9C4572652184568 /* Frameworks */ = {
			isa = PBXGroup;
			children = (
				3B1A68631D099211000F4414 /* WindowsAzureMessaging.framework */,
				9EE33EE47A018AB1F6602C95 /* libPods-Conventions.a */,
			);
			name = Frameworks;
			sourceTree = "<group>";
		};
/* End PBXGroup section */

/* Begin PBXNativeTarget section */
		3BA2D7EE1C554ED3007A8A23 /* Conventions */ = {
			isa = PBXNativeTarget;
			buildConfigurationList = 3BA2D8031C554ED3007A8A23 /* Build configuration list for PBXNativeTarget "Conventions" */;
			buildPhases = (
				A3140221B45252FFBC26A22B /* [CP] Check Pods Manifest.lock */,
				3BA2D7EB1C554ED3007A8A23 /* Sources */,
				3BA2D7EC1C554ED3007A8A23 /* Frameworks */,
				3BA2D7ED1C554ED3007A8A23 /* Resources */,
				60B639C380704B7995146E28 /* [CP] Embed Pods Frameworks */,
				D500C3782777E063BE8E2E5E /* [CP] Copy Pods Resources */,
			);
			buildRules = (
			);
			dependencies = (
			);
			name = Conventions;
			productName = Conventions;
			productReference = 3BA2D7EF1C554ED3007A8A23 /* Conventions.app */;
			productType = "com.apple.product-type.application";
		};
/* End PBXNativeTarget section */

/* Begin PBXProject section */
		3BA2D7E71C554ED3007A8A23 /* Project object */ = {
			isa = PBXProject;
			attributes = {
				LastSwiftUpdateCheck = 0720;
				LastUpgradeCheck = 0920;
				ORGANIZATIONNAME = Amai;
				TargetAttributes = {
					3BA2D7EE1C554ED3007A8A23 = {
						CreatedOnToolsVersion = 7.2;
						DevelopmentTeam = RSX72H9CGZ;
						LastSwiftMigration = 0830;
						SystemCapabilities = {
							com.apple.Push = {
								enabled = 1;
							};
						};
					};
				};
			};
			buildConfigurationList = 3BA2D7EA1C554ED3007A8A23 /* Build configuration list for PBXProject "Conventions" */;
			compatibilityVersion = "Xcode 3.2";
			developmentRegion = English;
			hasScannedForEncodings = 0;
			knownRegions = (
				en,
				Base,
			);
			mainGroup = 3BA2D7E61C554ED3007A8A23;
			productRefGroup = 3BA2D7F01C554ED3007A8A23 /* Products */;
			projectDirPath = "";
			projectRoot = "";
			targets = (
				3BA2D7EE1C554ED3007A8A23 /* Conventions */,
			);
		};
/* End PBXProject section */

/* Begin PBXResourcesBuildPhase section */
		3BA2D7ED1C554ED3007A8A23 /* Resources */ = {
			isa = PBXResourcesBuildPhase;
			buildActionMask = 2147483647;
			files = (
				3BC755721F7FE67D005B051C /* SecondHandItemViewCell.xib in Resources */,
				3BF22D461D9EC5490090E8E6 /* ArrivalMethodsContent.html in Resources */,
				3B5E0C781C933B2D004BF8AE /* LaunchScreen.storyboard in Resources */,
				3B8D9FF21D1DA068005181DA /* SmileyFeedbackQuestionCell.xib in Resources */,
				3BF22D451D9EC5490090E8E6 /* AboutContent.html in Resources */,
				3B4B4A7C1D35823600943EF5 /* TableMultipleAnswerFeedbackQuestionCell.xib in Resources */,
				3BB2A9351C84DF39003DCF98 /* Podfile in Resources */,
				3BE9DD77205D791C001F7E5C /* Olamot2018Events.json in Resources */,
				3BB631051C88EC3800D54D3E /* GoogleService-Info.plist in Resources */,
				3BA2D8211C64E893007A8A23 /* EventListHeaderView.xib in Resources */,
				3B36B7ED1D9680EB00F8EB49 /* SearchCategoriesView.xib in Resources */,
				3B55A99C1C7A48DD00C5BCE4 /* EventView.xib in Resources */,
				3B4B4A761D341A1600943EF5 /* MultipleAnswerCell.xib in Resources */,
				3B4B4A721D3415B300943EF5 /* MultipleAnswerFeedbackQuestionCell.xib in Resources */,
				3BFE31021F6EBC5B00271F58 /* AfterConventionHomeContentView.xib in Resources */,
				3B8D9FFA1D27BCEF005181DA /* TextFeedbackQuestionCell.xib in Resources */,
				3BA2D7FC1C554ED3007A8A23 /* Assets.xcassets in Resources */,
				3BF22D471D9EC5490090E8E6 /* DiscountsContent.html in Resources */,
				3B4B4A801D36BD4B00943EF5 /* TableAnswerCell.xib in Resources */,
				3B17639C1F6D78ED009F8F38 /* BeforeConventionHomeContentView.xib in Resources */,
				3BDA282F1F714AE400B1C517 /* DuringConventionWithFavoritesHomeContentView.xib in Resources */,
				3BB631211C89839400D54D3E /* UpdateTableViewCell.xib in Resources */,
				3B049C811F7FDACF0087FA9C /* SecondHandFormHeaderView.xib in Resources */,
				3BFE31061F6EC4DD00271F58 /* DuringConventionNoFavoritesHomeContentView.xib in Resources */,
				3B8D9FEE1D1D4E9C005181DA /* FeedbackView.xib in Resources */,
				3BA2D7FA1C554ED3007A8A23 /* Main.storyboard in Resources */,
			);
			runOnlyForDeploymentPostprocessing = 0;
		};
/* End PBXResourcesBuildPhase section */

/* Begin PBXShellScriptBuildPhase section */
		60B639C380704B7995146E28 /* [CP] Embed Pods Frameworks */ = {
			isa = PBXShellScriptBuildPhase;
			buildActionMask = 2147483647;
			files = (
			);
			inputPaths = (
			);
			name = "[CP] Embed Pods Frameworks";
			outputPaths = (
			);
			runOnlyForDeploymentPostprocessing = 0;
			shellPath = /bin/sh;
			shellScript = "\"${SRCROOT}/Pods/Target Support Files/Pods-Conventions/Pods-Conventions-frameworks.sh\"\n";
			showEnvVarsInLog = 0;
		};
		A3140221B45252FFBC26A22B /* [CP] Check Pods Manifest.lock */ = {
			isa = PBXShellScriptBuildPhase;
			buildActionMask = 2147483647;
			files = (
			);
			inputPaths = (
				"${PODS_PODFILE_DIR_PATH}/Podfile.lock",
				"${PODS_ROOT}/Manifest.lock",
			);
			name = "[CP] Check Pods Manifest.lock";
			outputPaths = (
				"$(DERIVED_FILE_DIR)/Pods-Conventions-checkManifestLockResult.txt",
			);
			runOnlyForDeploymentPostprocessing = 0;
			shellPath = /bin/sh;
			shellScript = "diff \"${PODS_PODFILE_DIR_PATH}/Podfile.lock\" \"${PODS_ROOT}/Manifest.lock\" > /dev/null\nif [ $? != 0 ] ; then\n    # print error to STDERR\n    echo \"error: The sandbox is not in sync with the Podfile.lock. Run 'pod install' or update your CocoaPods installation.\" >&2\n    exit 1\nfi\n# This output is used by Xcode 'outputs' to avoid re-running this script phase.\necho \"SUCCESS\" > \"${SCRIPT_OUTPUT_FILE_0}\"\n";
			showEnvVarsInLog = 0;
		};
		D500C3782777E063BE8E2E5E /* [CP] Copy Pods Resources */ = {
			isa = PBXShellScriptBuildPhase;
			buildActionMask = 2147483647;
			files = (
			);
			inputPaths = (
				"${SRCROOT}/Pods/Target Support Files/Pods-Conventions/Pods-Conventions-resources.sh",
				"${PODS_ROOT}/GoogleMaps/Maps/Frameworks/GoogleMaps.framework/Resources/GoogleMaps.bundle",
			);
			name = "[CP] Copy Pods Resources";
			outputPaths = (
				"${TARGET_BUILD_DIR}/${UNLOCALIZED_RESOURCES_FOLDER_PATH}/GoogleMaps.bundle",
			);
			runOnlyForDeploymentPostprocessing = 0;
			shellPath = /bin/sh;
			shellScript = "\"${SRCROOT}/Pods/Target Support Files/Pods-Conventions/Pods-Conventions-resources.sh\"\n";
			showEnvVarsInLog = 0;
		};
/* End PBXShellScriptBuildPhase section */

/* Begin PBXSourcesBuildPhase section */
		3BA2D7EB1C554ED3007A8A23 /* Sources */ = {
			isa = PBXSourcesBuildPhase;
			buildActionMask = 2147483647;
			files = (
				3BABAE18206195D0004D01AA /* AttributedViews.swift in Sources */,
				3B664D841F76397B00A7D336 /* HTMLdecode.swift in Sources */,
				3B8D9FEB1D171B1D005181DA /* FeedbackAnswer.swift in Sources */,
				3BC5E70D1C8E1D0000AA3C76 /* MapViewController.swift in Sources */,
				3B8664C81D4007DC00A504FC /* UserInput.swift in Sources */,
				3BF22D3E1D9E7CC60090E8E6 /* StaticContentWebView.swift in Sources */,
				3BF22D341D9D93700090E8E6 /* MoreInfoViewController.swift in Sources */,
				3B2FD5171D5A65B30009139A /* NotificationSettings.swift in Sources */,
				3B4CEB551C7CF88E00AF041B /* CCColorCube.m in Sources */,
				3BB6310F1C89680800D54D3E /* TabBarViewController.swift in Sources */,
				3BF22D3C1D9DA9470090E8E6 /* DiscountsViewController.swift in Sources */,
				3B02887A1D9AF1CB006E158C /* DateFilterControl.swift in Sources */,
				3B8D9FF41D1DC7F4005181DA /* SmileyFeedbackQuestionCell.swift in Sources */,
				3BB631181C896B7700D54D3E /* BaseViewController.swift in Sources */,
				3B114C401D30224C003C6167 /* UITextView.swift in Sources */,
				3B8D9FF01D1D9BA9005181DA /* FeedbackView.swift in Sources */,
				3B0800B31C81B73D00F406FD /* TTGSnackbar.swift in Sources */,
				3B4B4A7E1D36BAE500943EF5 /* TableMultipleAnswerFeedbackQuestionCell.swift in Sources */,
				3BABAE1320604970004D01AA /* RadialGradientView.swift in Sources */,
				3BFE31081F6EC4F900271F58 /* DuringConventionNoFavoritesHomeContentView.swift in Sources */,
				3BA2D8271C65E3D7007A8A23 /* EventsViewController.swift in Sources */,
				3BB631291C8AE15900D54D3E /* AmaiEventsParser.swift in Sources */,
				3BB6310C1C89680800D54D3E /* ArrivalMethodsViewController.swift in Sources */,
				3B6AF9831C6FC1B8004B9DAD /* UIColorExtentions.swift in Sources */,
				3BA2D81A1C5FF51D007A8A23 /* EventTableViewCell.swift in Sources */,
				3B17639E1F6D7BEA009F8F38 /* BeforeConventionHomeContentView.swift in Sources */,
				3B049C831F7FDB0D0087FA9C /* SecondHandFormHeaderView.swift in Sources */,
				3BDA28311F714B0700B1C517 /* DuringConventionWithFavoritesHomeContentView.swift in Sources */,
				3B1763A01F6DB52C009F8F38 /* HomeViewController.swift in Sources */,
				3BFE31041F6EC00C00271F58 /* AfterConventionHomeContentView.swift in Sources */,
				3BE551521D96893800E91634 /* SearchCategoriesView.swift in Sources */,
				3B0288781D99BA4D006E158C /* Updates.swift in Sources */,
				3BFE310C1F703F4100271F58 /* UIViewExtentions.swift in Sources */,
				3BA2D81F1C64E862007A8A23 /* EventListHeaderView.swift in Sources */,
				3B523D4D1C660B1700D3D055 /* EventViewController.swift in Sources */,
				3BA2D7F31C554ED3007A8A23 /* AppDelegate.swift in Sources */,
				3BABAE11206047CA004D01AA /* RadialGradientLayer.swift in Sources */,
				3BC755741F7FE68B005B051C /* SecondHandItemViewCell.swift in Sources */,
				3BF22D361D9D9B3C0090E8E6 /* AboutViewController.swift in Sources */,
				3B4B4A821D36BD5900943EF5 /* TableAnswerCell.swift in Sources */,
				3BADBDE41D55DEA5002227CB /* NotificationsSchedualer.swift in Sources */,
				3BE551541D999D8100E91634 /* AggregatedSearchCategory.swift in Sources */,
				3B8664CA1D4234DD00A504FC /* ConventionFeedbackViewController.swift in Sources */,
				3BFE310E1F70477E00271F58 /* ConventionHomeContentViewProtocol.swift in Sources */,
				3B4B4A741D34171E00943EF5 /* MultipleAnswerFeedbackQuestionCell.swift in Sources */,
				3B049C7A1F7E7A880087FA9C /* NotificationRegistrar.swift in Sources */,
				3B981D0A1C65E5A800F31009 /* MyEventsViewController.swift in Sources */,
				3B4B4A781D341B2A00943EF5 /* MultipleAnswerCell.swift in Sources */,
				3B014FB01D91BD420002DE8F /* SffEventsParser.swift in Sources */,
				3BB6311A1C89738400D54D3E /* Update.swift in Sources */,
				3B3E67E81F53F34900A82DB1 /* SurveyForm.swift in Sources */,
				3BB6311F1C89838100D54D3E /* UpdateTableViewCell.swift in Sources */,
				3BA2D8111C5FEB69007A8A23 /* ConventionEvent.swift in Sources */,
				3B55A99A1C7A48C700C5BCE4 /* EventView.swift in Sources */,
				3B049C7D1F7FBB250087FA9C /* SecondHandViewController.swift in Sources */,
				3BABAE0F205EF94E004D01AA /* GradientView.swift in Sources */,
				3B8D9FE91D153A28005181DA /* FeedbackQuestion.swift in Sources */,
				3BA2D80F1C5FE8EB007A8A23 /* Convention.swift in Sources */,
				3B049C7F1F7FBBB60087FA9C /* SecondHand.swift in Sources */,
				3B014FB21D95A1AD0002DE8F /* Colors.swift in Sources */,
				3B8D9FFC1D27BEE3005181DA /* TextFeedbackQuestionCell.swift in Sources */,
				3BC5E70F1C8E1DBD00AA3C76 /* MapFloorViewController.swift in Sources */,
				3BA2D8171C5FEE97007A8A23 /* Hall.swift in Sources */,
				3BA2D8151C5FEE7B007A8A23 /* Place.swift in Sources */,
				3BADBDE31D55DEA5002227CB /* NotificationHubInfo.swift in Sources */,
				3B4CEB581C7CF8DA00AF041B /* CCLocalMaximum.m in Sources */,
				3B8D9FFE1D27BFEC005181DA /* FeedbackQuestionCell.swift in Sources */,
				3BA2AFF41F7AD65A005EC4D4 /* IconKidsViewController.swift in Sources */,
				3BF4724C1D6CC5090066AD35 /* MapArea.swift in Sources */,
				3B1659801C946E720074F1FF /* ZoomToPoint.swift in Sources */,
				3BB631251C8ADC0B00D54D3E /* Events.swift in Sources */,
				3BB6311D1C89833D00D54D3E /* UpdatesViewController.swift in Sources */,
				3B3DEFBB1C78EF88006AD9B9 /* UserInputs.swift in Sources */,
				3B6AF9851C6FC1D5004B9DAD /* NSDateExtentions.swift in Sources */,
				3BA2D8131C5FEDF5007A8A23 /* EventType.swift in Sources */,
				3B4CEB4D1C7CF7F500AF041B /* CardView.swift in Sources */,
				3B05C11F1D57B2B500C590FF /* NotificationSettingsViewController.swift in Sources */,
			);
			runOnlyForDeploymentPostprocessing = 0;
		};
/* End PBXSourcesBuildPhase section */

/* Begin PBXVariantGroup section */
		3B5E0C761C933B2D004BF8AE /* LaunchScreen.storyboard */ = {
			isa = PBXVariantGroup;
			children = (
				3B5E0C771C933B2D004BF8AE /* Base */,
			);
			name = LaunchScreen.storyboard;
			path = ..;
			sourceTree = "<group>";
		};
		3BA2D7F81C554ED3007A8A23 /* Main.storyboard */ = {
			isa = PBXVariantGroup;
			children = (
				3BA2D7F91C554ED3007A8A23 /* Base */,
			);
			name = Main.storyboard;
			sourceTree = "<group>";
		};
/* End PBXVariantGroup section */

/* Begin XCBuildConfiguration section */
		3BA2D8011C554ED3007A8A23 /* Debug */ = {
			isa = XCBuildConfiguration;
			buildSettings = {
				ALWAYS_SEARCH_USER_PATHS = NO;
				CLANG_CXX_LANGUAGE_STANDARD = "gnu++0x";
				CLANG_CXX_LIBRARY = "libc++";
				CLANG_ENABLE_MODULES = YES;
				CLANG_ENABLE_OBJC_ARC = YES;
				CLANG_WARN_BLOCK_CAPTURE_AUTORELEASING = YES;
				CLANG_WARN_BOOL_CONVERSION = YES;
				CLANG_WARN_COMMA = YES;
				CLANG_WARN_CONSTANT_CONVERSION = YES;
				CLANG_WARN_DIRECT_OBJC_ISA_USAGE = YES_ERROR;
				CLANG_WARN_EMPTY_BODY = YES;
				CLANG_WARN_ENUM_CONVERSION = YES;
				CLANG_WARN_INFINITE_RECURSION = YES;
				CLANG_WARN_INT_CONVERSION = YES;
				CLANG_WARN_NON_LITERAL_NULL_CONVERSION = YES;
				CLANG_WARN_OBJC_LITERAL_CONVERSION = YES;
				CLANG_WARN_OBJC_ROOT_CLASS = YES_ERROR;
				CLANG_WARN_RANGE_LOOP_ANALYSIS = YES;
				CLANG_WARN_STRICT_PROTOTYPES = YES;
				CLANG_WARN_SUSPICIOUS_MOVE = YES;
				CLANG_WARN_UNREACHABLE_CODE = YES;
				CLANG_WARN__DUPLICATE_METHOD_MATCH = YES;
				"CODE_SIGN_IDENTITY[sdk=iphoneos*]" = "iPhone Developer";
				COPY_PHASE_STRIP = NO;
				DEBUG_INFORMATION_FORMAT = dwarf;
				ENABLE_STRICT_OBJC_MSGSEND = YES;
				ENABLE_TESTABILITY = YES;
				GCC_C_LANGUAGE_STANDARD = gnu99;
				GCC_DYNAMIC_NO_PIC = NO;
				GCC_NO_COMMON_BLOCKS = YES;
				GCC_OPTIMIZATION_LEVEL = 0;
				GCC_PREPROCESSOR_DEFINITIONS = (
					"DEBUG=1",
					"$(inherited)",
				);
				GCC_WARN_64_TO_32_BIT_CONVERSION = YES;
				GCC_WARN_ABOUT_RETURN_TYPE = YES_ERROR;
				GCC_WARN_UNDECLARED_SELECTOR = YES;
				GCC_WARN_UNINITIALIZED_AUTOS = YES_AGGRESSIVE;
				GCC_WARN_UNUSED_FUNCTION = YES;
				GCC_WARN_UNUSED_VARIABLE = YES;
				IPHONEOS_DEPLOYMENT_TARGET = 8.0;
				MTL_ENABLE_DEBUG_INFO = YES;
				ONLY_ACTIVE_ARCH = YES;
				SDKROOT = iphoneos;
				SWIFT_OPTIMIZATION_LEVEL = "-Onone";
				SWIFT_VERSION = 2.3;
				TARGETED_DEVICE_FAMILY = "1,2";
			};
			name = Debug;
		};
		3BA2D8021C554ED3007A8A23 /* Release */ = {
			isa = XCBuildConfiguration;
			buildSettings = {
				ALWAYS_SEARCH_USER_PATHS = NO;
				CLANG_CXX_LANGUAGE_STANDARD = "gnu++0x";
				CLANG_CXX_LIBRARY = "libc++";
				CLANG_ENABLE_MODULES = YES;
				CLANG_ENABLE_OBJC_ARC = YES;
				CLANG_WARN_BLOCK_CAPTURE_AUTORELEASING = YES;
				CLANG_WARN_BOOL_CONVERSION = YES;
				CLANG_WARN_COMMA = YES;
				CLANG_WARN_CONSTANT_CONVERSION = YES;
				CLANG_WARN_DIRECT_OBJC_ISA_USAGE = YES_ERROR;
				CLANG_WARN_EMPTY_BODY = YES;
				CLANG_WARN_ENUM_CONVERSION = YES;
				CLANG_WARN_INFINITE_RECURSION = YES;
				CLANG_WARN_INT_CONVERSION = YES;
				CLANG_WARN_NON_LITERAL_NULL_CONVERSION = YES;
				CLANG_WARN_OBJC_LITERAL_CONVERSION = YES;
				CLANG_WARN_OBJC_ROOT_CLASS = YES_ERROR;
				CLANG_WARN_RANGE_LOOP_ANALYSIS = YES;
				CLANG_WARN_STRICT_PROTOTYPES = YES;
				CLANG_WARN_SUSPICIOUS_MOVE = YES;
				CLANG_WARN_UNREACHABLE_CODE = YES;
				CLANG_WARN__DUPLICATE_METHOD_MATCH = YES;
				"CODE_SIGN_IDENTITY[sdk=iphoneos*]" = "iPhone Developer";
				COPY_PHASE_STRIP = NO;
				DEBUG_INFORMATION_FORMAT = "dwarf-with-dsym";
				ENABLE_NS_ASSERTIONS = NO;
				ENABLE_STRICT_OBJC_MSGSEND = YES;
				GCC_C_LANGUAGE_STANDARD = gnu99;
				GCC_NO_COMMON_BLOCKS = YES;
				GCC_WARN_64_TO_32_BIT_CONVERSION = YES;
				GCC_WARN_ABOUT_RETURN_TYPE = YES_ERROR;
				GCC_WARN_UNDECLARED_SELECTOR = YES;
				GCC_WARN_UNINITIALIZED_AUTOS = YES_AGGRESSIVE;
				GCC_WARN_UNUSED_FUNCTION = YES;
				GCC_WARN_UNUSED_VARIABLE = YES;
				IPHONEOS_DEPLOYMENT_TARGET = 8.0;
				MTL_ENABLE_DEBUG_INFO = NO;
				SDKROOT = iphoneos;
				SWIFT_OPTIMIZATION_LEVEL = "-Owholemodule";
				SWIFT_VERSION = 2.3;
				TARGETED_DEVICE_FAMILY = "1,2";
				VALIDATE_PRODUCT = YES;
			};
			name = Release;
		};
		3BA2D8041C554ED3007A8A23 /* Debug */ = {
			isa = XCBuildConfiguration;
			baseConfigurationReference = 0128839004EFB32D3F38B10C /* Pods-Conventions.debug.xcconfig */;
			buildSettings = {
				ASSETCATALOG_COMPILER_APPICON_NAME = AppIcon;
				CLANG_ENABLE_MODULES = YES;
				CODE_SIGN_ENTITLEMENTS = Conventions/Conventions.entitlements;
				CODE_SIGN_IDENTITY = "iPhone Developer";
				"CODE_SIGN_IDENTITY[sdk=iphoneos*]" = "iPhone Developer";
				DEVELOPMENT_TEAM = RSX72H9CGZ;
				ENABLE_BITCODE = NO;
				FRAMEWORK_SEARCH_PATHS = (
					"$(inherited)",
					"$(PROJECT_DIR)",
				);
				INFOPLIST_FILE = Conventions/Info.plist;
				IPHONEOS_DEPLOYMENT_TARGET = 8.0;
				LD_RUNPATH_SEARCH_PATHS = "$(inherited) @executable_path/Frameworks";
				PRODUCT_BUNDLE_IDENTIFIER = "SF-F.Conventions";
				PRODUCT_NAME = Conventions;
				PROVISIONING_PROFILE = "";
				SWIFT_OBJC_BRIDGING_HEADER = "Conventions/Conventions-Bridging-Header.h";
				SWIFT_OPTIMIZATION_LEVEL = "-Onone";
				SWIFT_VERSION = 3.0;
				TARGETED_DEVICE_FAMILY = 1;
			};
			name = Debug;
		};
		3BA2D8051C554ED3007A8A23 /* Release */ = {
			isa = XCBuildConfiguration;
			baseConfigurationReference = 91EE3412A5156C8021C08D64 /* Pods-Conventions.release.xcconfig */;
			buildSettings = {
				ASSETCATALOG_COMPILER_APPICON_NAME = AppIcon;
				CLANG_ENABLE_MODULES = YES;
				CODE_SIGN_ENTITLEMENTS = Conventions/Conventions.entitlements;
				CODE_SIGN_IDENTITY = "iPhone Developer";
				"CODE_SIGN_IDENTITY[sdk=iphoneos*]" = "iPhone Developer";
				DEVELOPMENT_TEAM = RSX72H9CGZ;
				ENABLE_BITCODE = NO;
				FRAMEWORK_SEARCH_PATHS = (
					"$(inherited)",
					"$(PROJECT_DIR)",
				);
				INFOPLIST_FILE = Conventions/Info.plist;
				IPHONEOS_DEPLOYMENT_TARGET = 8.0;
				LD_RUNPATH_SEARCH_PATHS = "$(inherited) @executable_path/Frameworks";
				PRODUCT_BUNDLE_IDENTIFIER = "SF-F.Conventions";
				PRODUCT_NAME = Conventions;
				PROVISIONING_PROFILE = "";
				SWIFT_OBJC_BRIDGING_HEADER = "Conventions/Conventions-Bridging-Header.h";
				SWIFT_VERSION = 3.0;
				TARGETED_DEVICE_FAMILY = 1;
			};
			name = Release;
		};
/* End XCBuildConfiguration section */

/* Begin XCConfigurationList section */
		3BA2D7EA1C554ED3007A8A23 /* Build configuration list for PBXProject "Conventions" */ = {
			isa = XCConfigurationList;
			buildConfigurations = (
				3BA2D8011C554ED3007A8A23 /* Debug */,
				3BA2D8021C554ED3007A8A23 /* Release */,
			);
			defaultConfigurationIsVisible = 0;
			defaultConfigurationName = Release;
		};
		3BA2D8031C554ED3007A8A23 /* Build configuration list for PBXNativeTarget "Conventions" */ = {
			isa = XCConfigurationList;
			buildConfigurations = (
				3BA2D8041C554ED3007A8A23 /* Debug */,
				3BA2D8051C554ED3007A8A23 /* Release */,
			);
			defaultConfigurationIsVisible = 0;
			defaultConfigurationName = Release;
		};
/* End XCConfigurationList section */
	};
	rootObject = 3BA2D7E71C554ED3007A8A23 /* Project object */;
}
